
Microsoft Visual Studio Solution File, Format Version 12.00
# Visual Studio Version 17
VisualStudioVersion = 17.1.32407.343
MinimumVisualStudioVersion = 10.0.40219.1
Project("{9A19103F-16F7-4668-BE54-9A1E7A4F7556}") = "OrderManagement.DAL", "OrderManagement.DAL\OrderManagement.DAL.csproj", "{5C2BDA23-6BFB-4ED3-AFB1-BCBA982F8550}"
EndProject
Project("{9A19103F-16F7-4668-BE54-9A1E7A4F7556}") = "OrderManagement.BLL", "OrderManagement.BLL\OrderManagement.BLL.csproj", "{BC23EB76-AD8B-4D71-8506-002BBF55520B}"
EndProject
Project("{9A19103F-16F7-4668-BE54-9A1E7A4F7556}") = "OrderManagement.Entity", "OrderManagement.Entity\OrderManagement.Entity.csproj", "{F62DF201-0616-41E9-B9B2-BF66F706AD40}"
EndProject
Project("{9A19103F-16F7-4668-BE54-9A1E7A4F7556}") = "OrderManagement.IOC", "OrderManagement.IOC\OrderManagement.IOC.csproj", "{381D5E12-5543-4D0A-866C-3600AA7E84C0}"
EndProject
Project("{9A19103F-16F7-4668-BE54-9A1E7A4F7556}") = "OrderManagement.WebApi", "OrderManagement.WebApi\OrderManagement.WebApi.csproj", "{EF98B9DE-E13D-4C38-BF6C-2EE221EABD2D}"
EndProject
Project("{9A19103F-16F7-4668-BE54-9A1E7A4F7556}") = "OrderManagementViewModel", "OrderManagementViewModel\OrderManagementViewModel.csproj", "{E030F11F-F9FC-4139-814C-E65F558EBE99}"
EndProject
Project("{9A19103F-16F7-4668-BE54-9A1E7A4F7556}") = "OrderManagement.Model.Extention", "OrderManagement.Model.Extention\OrderManagement.Model.Extention.csproj", "{2DDE0DAD-146F-49A1-B225-3A0C6A1C2AA6}"
EndProject
Project("{9A19103F-16F7-4668-BE54-9A1E7A4F7556}") = "OrderManagement.Mapping", "OrderManagement.Mapping\OrderManagement.Mapping.csproj", "{BF6C0A56-BAD7-44CA-8EBE-BC1C3E355F97}"
EndProject
Project("{FAE04EC0-301F-11D3-BF4B-00C04F79EFBC}") = "Blazor.Order.Management", "Blazor.Order.Management\Blazor.Order.Management.csproj", "{8921C803-8ED1-4B4E-9665-474CF866FA21}"
EndProject
Global
	GlobalSection(SolutionConfigurationPlatforms) = preSolution
		Debug|Any CPU = Debug|Any CPU
		Release|Any CPU = Release|Any CPU
	EndGlobalSection
	GlobalSection(ProjectConfigurationPlatforms) = postSolution
		{5C2BDA23-6BFB-4ED3-AFB1-BCBA982F8550}.Debug|Any CPU.ActiveCfg = Debug|Any CPU
		{5C2BDA23-6BFB-4ED3-AFB1-BCBA982F8550}.Debug|Any CPU.Build.0 = Debug|Any CPU
		{5C2BDA23-6BFB-4ED3-AFB1-BCBA982F8550}.Release|Any CPU.ActiveCfg = Release|Any CPU
		{5C2BDA23-6BFB-4ED3-AFB1-BCBA982F8550}.Release|Any CPU.Build.0 = Release|Any CPU
		{BC23EB76-AD8B-4D71-8506-002BBF55520B}.Debug|Any CPU.ActiveCfg = Debug|Any CPU
		{BC23EB76-AD8B-4D71-8506-002BBF55520B}.Debug|Any CPU.Build.0 = Debug|Any CPU
		{BC23EB76-AD8B-4D71-8506-002BBF55520B}.Release|Any CPU.ActiveCfg = Release|Any CPU
		{BC23EB76-AD8B-4D71-8506-002BBF55520B}.Release|Any CPU.Build.0 = Release|Any CPU
		{F62DF201-0616-41E9-B9B2-BF66F706AD40}.Debug|Any CPU.ActiveCfg = Debug|Any CPU
		{F62DF201-0616-41E9-B9B2-BF66F706AD40}.Debug|Any CPU.Build.0 = Debug|Any CPU
		{F62DF201-0616-41E9-B9B2-BF66F706AD40}.Release|Any CPU.ActiveCfg = Release|Any CPU
		{F62DF201-0616-41E9-B9B2-BF66F706AD40}.Release|Any CPU.Build.0 = Release|Any CPU
		{381D5E12-5543-4D0A-866C-3600AA7E84C0}.Debug|Any CPU.ActiveCfg = Debug|Any CPU
		{381D5E12-5543-4D0A-866C-3600AA7E84C0}.Debug|Any CPU.Build.0 = Debug|Any CPU
		{381D5E12-5543-4D0A-866C-3600AA7E84C0}.Release|Any CPU.ActiveCfg = Release|Any CPU
		{381D5E12-5543-4D0A-866C-3600AA7E84C0}.Release|Any CPU.Build.0 = Release|Any CPU
		{EF98B9DE-E13D-4C38-BF6C-2EE221EABD2D}.Debug|Any CPU.ActiveCfg = Debug|Any CPU
		{EF98B9DE-E13D-4C38-BF6C-2EE221EABD2D}.Debug|Any CPU.Build.0 = Debug|Any CPU
		{EF98B9DE-E13D-4C38-BF6C-2EE221EABD2D}.Release|Any CPU.ActiveCfg = Release|Any CPU
		{EF98B9DE-E13D-4C38-BF6C-2EE221EABD2D}.Release|Any CPU.Build.0 = Release|Any CPU
		{E030F11F-F9FC-4139-814C-E65F558EBE99}.Debug|Any CPU.ActiveCfg = Debug|Any CPU
		{E030F11F-F9FC-4139-814C-E65F558EBE99}.Debug|Any CPU.Build.0 = Debug|Any CPU
		{E030F11F-F9FC-4139-814C-E65F558EBE99}.Release|Any CPU.ActiveCfg = Release|Any CPU
		{E030F11F-F9FC-4139-814C-E65F558EBE99}.Release|Any CPU.Build.0 = Release|Any CPU
		{2DDE0DAD-146F-49A1-B225-3A0C6A1C2AA6}.Debug|Any CPU.ActiveCfg = Debug|Any CPU
		{2DDE0DAD-146F-49A1-B225-3A0C6A1C2AA6}.Debug|Any CPU.Build.0 = Debug|Any CPU
		{2DDE0DAD-146F-49A1-B225-3A0C6A1C2AA6}.Release|Any CPU.ActiveCfg = Release|Any CPU
		{2DDE0DAD-146F-49A1-B225-3A0C6A1C2AA6}.Release|Any CPU.Build.0 = Release|Any CPU
		{BF6C0A56-BAD7-44CA-8EBE-BC1C3E355F97}.Debug|Any CPU.ActiveCfg = Debug|Any CPU
		{BF6C0A56-BAD7-44CA-8EBE-BC1C3E355F97}.Debug|Any CPU.Build.0 = Debug|Any CPU
		{BF6C0A56-BAD7-44CA-8EBE-BC1C3E355F97}.Release|Any CPU.ActiveCfg = Release|Any CPU
		{BF6C0A56-BAD7-44CA-8EBE-BC1C3E355F97}.Release|Any CPU.Build.0 = Release|Any CPU
		{8921C803-8ED1-4B4E-9665-474CF866FA21}.Debug|Any CPU.ActiveCfg = Debug|Any CPU
		{8921C803-8ED1-4B4E-9665-474CF866FA21}.Debug|Any CPU.Build.0 = Debug|Any CPU
		{8921C803-8ED1-4B4E-9665-474CF866FA21}.Release|Any CPU.ActiveCfg = Release|Any CPU
		{8921C803-8ED1-4B4E-9665-474CF866FA21}.Release|Any CPU.Build.0 = Release|Any CPU
	EndGlobalSection
	GlobalSection(SolutionProperties) = preSolution
		HideSolutionNode = FALSE
	EndGlobalSection
	GlobalSection(ExtensibilityGlobals) = postSolution
		SolutionGuid = {E7B39D17-F6C0-49CB-BFCB-82F0DF1AF508}
	EndGlobalSection
EndGlobal
